
Microsoft Visual Studio Solution File, Format Version 12.00
# Visual Studio Version 16
VisualStudioVersion = 16.0.30503.244
MinimumVisualStudioVersion = 10.0.40219.1
Project("{FAE04EC0-301F-11D3-BF4B-00C04F79EFBC}") = "Cloubs Chooser", "Cloubs Chooser.csproj", "{340CC70B-63EA-4760-A371-29BFFE27442A}"
EndProject
Global
	GlobalSection(SolutionConfigurationPlatforms) = preSolution
		Debug|Any CPU = Debug|Any CPU
		Release|Any CPU = Release|Any CPU
	EndGlobalSection
	GlobalSection(ProjectConfigurationPlatforms) = postSolution
		{340CC70B-63EA-4760-A371-29BFFE27442A}.Debug|Any CPU.ActiveCfg = Debug|Any CPU
		{340CC70B-63EA-4760-A371-29BFFE27442A}.Debug|Any CPU.Build.0 = Debug|Any CPU
		{340CC70B-63EA-4760-A371-29BFFE27442A}.Release|Any CPU.ActiveCfg = Release|Any CPU
		{340CC70B-63EA-4760-A371-29BFFE27442A}.Release|Any CPU.Build.0 = Release|Any CPU
	EndGlobalSection
	GlobalSection(SolutionProperties) = preSolution
		HideSolutionNode = FALSE
	EndGlobalSection
	GlobalSection(ExtensibilityGlobals) = postSolution
		SolutionGuid = {8D7223E2-0092-4ACF-8510-C1C7763C796A}
	EndGlobalSection
EndGlobal
